
Microsoft Visual Studio Solution File, Format Version 12.00
# Visual Studio Version 16
VisualStudioVersion = 16.0.30611.23
MinimumVisualStudioVersion = 10.0.40219.1
Project("{FAE04EC0-301F-11D3-BF4B-00C04F79EFBC}") = "interface1", "interface1\interface1.csproj", "{C1CEE41F-3E23-47B9-A286-FA857811DF2D}"
EndProject
Global
	GlobalSection(SolutionConfigurationPlatforms) = preSolution
		Debug|Any CPU = Debug|Any CPU
		Release|Any CPU = Release|Any CPU
	EndGlobalSection
	GlobalSection(ProjectConfigurationPlatforms) = postSolution
		{C1CEE41F-3E23-47B9-A286-FA857811DF2D}.Debug|Any CPU.ActiveCfg = Debug|Any CPU
		{C1CEE41F-3E23-47B9-A286-FA857811DF2D}.Debug|Any CPU.Build.0 = Debug|Any CPU
		{C1CEE41F-3E23-47B9-A286-FA857811DF2D}.Release|Any CPU.ActiveCfg = Release|Any CPU
		{C1CEE41F-3E23-47B9-A286-FA857811DF2D}.Release|Any CPU.Build.0 = Release|Any CPU
	EndGlobalSection
	GlobalSection(SolutionProperties) = preSolution
		HideSolutionNode = FALSE
	EndGlobalSection
	GlobalSection(ExtensibilityGlobals) = postSolution
		SolutionGuid = {11BB5FEA-0B85-4E48-BA12-043D2D79D396}
	EndGlobalSection
EndGlobal
